
Microsoft Visual Studio Solution File, Format Version 12.00
# Visual Studio 14
VisualStudioVersion = 14.0.24720.0
MinimumVisualStudioVersion = 10.0.40219.1
Project("{2150E333-8FDC-42A3-9474-1A3956D46DE8}") = "src", "src", "{6DCD59E6-7547-4586-BCC7-3D363FB09F72}"
EndProject
Project("{2150E333-8FDC-42A3-9474-1A3956D46DE8}") = "Solution Items", "Solution Items", "{C6FFE493-045F-46E2-8E21-86FF57AB65C8}"
	ProjectSection(SolutionItems) = preProject
		global.json = global.json
	EndProjectSection
EndProject
Project("{8BB2217D-0F2D-49D1-97BC-3654ED321F3B}") = "AspNet5Docker", "src\AspNet5Docker\AspNet5Docker.xproj", "{90085B26-9EA5-4309-974C-3E2DC94D746C}"
EndProject
Global
	GlobalSection(SolutionConfigurationPlatforms) = preSolution
		Debug|Any CPU = Debug|Any CPU
		Release|Any CPU = Release|Any CPU
	EndGlobalSection
	GlobalSection(ProjectConfigurationPlatforms) = postSolution
		{90085B26-9EA5-4309-974C-3E2DC94D746C}.Debug|Any CPU.ActiveCfg = Debug|Any CPU
		{90085B26-9EA5-4309-974C-3E2DC94D746C}.Debug|Any CPU.Build.0 = Debug|Any CPU
		{90085B26-9EA5-4309-974C-3E2DC94D746C}.Release|Any CPU.ActiveCfg = Release|Any CPU
		{90085B26-9EA5-4309-974C-3E2DC94D746C}.Release|Any CPU.Build.0 = Release|Any CPU
	EndGlobalSection
	GlobalSection(SolutionProperties) = preSolution
		HideSolutionNode = FALSE
	EndGlobalSection
	GlobalSection(NestedProjects) = preSolution
		{90085B26-9EA5-4309-974C-3E2DC94D746C} = {6DCD59E6-7547-4586-BCC7-3D363FB09F72}
	EndGlobalSection
EndGlobal
